
Microsoft Visual Studio Solution File, Format Version 12.00
# Visual Studio Version 17
VisualStudioVersion = 17.9.34622.214
MinimumVisualStudioVersion = 10.0.40219.1
Project("{FAE04EC0-301F-11D3-BF4B-00C04F79EFBC}") = "dotnet8-mvc-petcare", "dotnet8-mvc-petcare.csproj", "{DC21E899-66E4-433F-93E0-37AA22A93658}"
EndProject
Global
	GlobalSection(SolutionConfigurationPlatforms) = preSolution
		Debug|Any CPU = Debug|Any CPU
		Release|Any CPU = Release|Any CPU
	EndGlobalSection
	GlobalSection(ProjectConfigurationPlatforms) = postSolution
		{DC21E899-66E4-433F-93E0-37AA22A93658}.Debug|Any CPU.ActiveCfg = Debug|Any CPU
		{DC21E899-66E4-433F-93E0-37AA22A93658}.Debug|Any CPU.Build.0 = Debug|Any CPU
		{DC21E899-66E4-433F-93E0-37AA22A93658}.Release|Any CPU.ActiveCfg = Release|Any CPU
		{DC21E899-66E4-433F-93E0-37AA22A93658}.Release|Any CPU.Build.0 = Release|Any CPU
	EndGlobalSection
	GlobalSection(SolutionProperties) = preSolution
		HideSolutionNode = FALSE
	EndGlobalSection
	GlobalSection(ExtensibilityGlobals) = postSolution
		SolutionGuid = {822F13A4-0BFE-4A21-9E74-C76B5278B529}
	EndGlobalSection
EndGlobal
